// !$*UTF8*$!
{
	archiveVersion = 1;
	classes = {
	};
	objectVersion = 48;
	objects = {

/* Begin PBXBuildFile section */
		C31197E41F88CE1A00F320D4 /* NetworkService.swift in Sources */ = {isa = PBXBuildFile; fileRef = C31197E31F88CE1A00F320D4 /* NetworkService.swift */; };
		C31197E61F88D30F00F320D4 /* User.swift in Sources */ = {isa = PBXBuildFile; fileRef = C31197E51F88D30F00F320D4 /* User.swift */; };
		C35EDE941F88CA5500348389 /* AppDelegate.swift in Sources */ = {isa = PBXBuildFile; fileRef = C35EDE931F88CA5500348389 /* AppDelegate.swift */; };
		C35EDE961F88CA5500348389 /* ViewController.swift in Sources */ = {isa = PBXBuildFile; fileRef = C35EDE951F88CA5500348389 /* ViewController.swift */; };
		C35EDE991F88CA5500348389 /* Main.storyboard in Resources */ = {isa = PBXBuildFile; fileRef = C35EDE971F88CA5500348389 /* Main.storyboard */; };
		C35EDE9B1F88CA5500348389 /* Assets.xcassets in Resources */ = {isa = PBXBuildFile; fileRef = C35EDE9A1F88CA5500348389 /* Assets.xcassets */; };
		C35EDE9E1F88CA5500348389 /* LaunchScreen.storyboard in Resources */ = {isa = PBXBuildFile; fileRef = C35EDE9C1F88CA5500348389 /* LaunchScreen.storyboard */; };
/* End PBXBuildFile section */

/* Begin PBXFileReference section */
		C31197E31F88CE1A00F320D4 /* NetworkService.swift */ = {isa = PBXFileReference; lastKnownFileType = sourcecode.swift; path = NetworkService.swift; sourceTree = "<group>"; };
		C31197E51F88D30F00F320D4 /* User.swift */ = {isa = PBXFileReference; lastKnownFileType = sourcecode.swift; path = User.swift; sourceTree = "<group>"; };
		C35EDE901F88CA5500348389 /* DocTalk.app */ = {isa = PBXFileReference; explicitFileType = wrapper.application; includeInIndex = 0; path = DocTalk.app; sourceTree = BUILT_PRODUCTS_DIR; };
		C35EDE931F88CA5500348389 /* AppDelegate.swift */ = {isa = PBXFileReference; lastKnownFileType = sourcecode.swift; path = AppDelegate.swift; sourceTree = "<group>"; };
		C35EDE951F88CA5500348389 /* ViewController.swift */ = {isa = PBXFileReference; lastKnownFileType = sourcecode.swift; path = ViewController.swift; sourceTree = "<group>"; };
		C35EDE981F88CA5500348389 /* Base */ = {isa = PBXFileReference; lastKnownFileType = file.storyboard; name = Base; path = Base.lproj/Main.storyboard; sourceTree = "<group>"; };
		C35EDE9A1F88CA5500348389 /* Assets.xcassets */ = {isa = PBXFileReference; lastKnownFileType = folder.assetcatalog; path = Assets.xcassets; sourceTree = "<group>"; };
		C35EDE9D1F88CA5500348389 /* Base */ = {isa = PBXFileReference; lastKnownFileType = file.storyboard; name = Base; path = Base.lproj/LaunchScreen.storyboard; sourceTree = "<group>"; };
		C35EDE9F1F88CA5500348389 /* Info.plist */ = {isa = PBXFileReference; lastKnownFileType = text.plist.xml; path = Info.plist; sourceTree = "<group>"; };
/* End PBXFileReference section */

/* Begin PBXFrameworksBuildPhase section */
		C35EDE8D1F88CA5500348389 /* Frameworks */ = {
			isa = PBXFrameworksBuildPhase;
			buildActionMask = 2147483647;
			files = (
			);
			runOnlyForDeploymentPostprocessing = 0;
		};
/* End PBXFrameworksBuildPhase section */

/* Begin PBXGroup section */
		C35EDE871F88CA5500348389 = {
			isa = PBXGroup;
			children = (
				C35EDE921F88CA5500348389 /* DocTalk */,
				C35EDE911F88CA5500348389 /* Products */,
			);
			sourceTree = "<group>";
		};
		C35EDE911F88CA5500348389 /* Products */ = {
			isa = PBXGroup;
			children = (
				C35EDE901F88CA5500348389 /* DocTalk.app */,
			);
			name = Products;
			sourceTree = "<group>";
		};
		C35EDE921F88CA5500348389 /* DocTalk */ = {
			isa = PBXGroup;
			children = (
				C35EDE931F88CA5500348389 /* AppDelegate.swift */,
				C35EDE951F88CA5500348389 /* ViewController.swift */,
				C35EDE971F88CA5500348389 /* Main.storyboard */,
				C35EDE9A1F88CA5500348389 /* Assets.xcassets */,
				C35EDE9C1F88CA5500348389 /* LaunchScreen.storyboard */,
				C35EDE9F1F88CA5500348389 /* Info.plist */,
				C31197E31F88CE1A00F320D4 /* NetworkService.swift */,
				C31197E51F88D30F00F320D4 /* User.swift */,
			);
			path = DocTalk;
			sourceTree = "<group>";
		};
/* End PBXGroup section */

/* Begin PBXNativeTarget section */
		C35EDE8F1F88CA5500348389 /* DocTalk */ = {
			isa = PBXNativeTarget;
			buildConfigurationList = C35EDEA21F88CA5500348389 /* Build configuration list for PBXNativeTarget "DocTalk" */;
			buildPhases = (
				C35EDE8C1F88CA5500348389 /* Sources */,
				C35EDE8D1F88CA5500348389 /* Frameworks */,
				C35EDE8E1F88CA5500348389 /* Resources */,
			);
			buildRules = (
			);
			dependencies = (
			);
			name = DocTalk;
			productName = DocTalk;
			productReference = C35EDE901F88CA5500348389 /* DocTalk.app */;
			productType = "com.apple.product-type.application";
		};
/* End PBXNativeTarget section */

/* Begin PBXProject section */
		C35EDE881F88CA5500348389 /* Project object */ = {
			isa = PBXProject;
			attributes = {
				LastSwiftUpdateCheck = 0900;
				LastUpgradeCheck = 0900;
				ORGANIZATIONNAME = "Wasan, Sahil";
				TargetAttributes = {
					C35EDE8F1F88CA5500348389 = {
						CreatedOnToolsVersion = 9.0;
						ProvisioningStyle = Automatic;
					};
				};
			};
			buildConfigurationList = C35EDE8B1F88CA5500348389 /* Build configuration list for PBXProject "DocTalk" */;
			compatibilityVersion = "Xcode 8.0";
			developmentRegion = en;
			hasScannedForEncodings = 0;
			knownRegions = (
				en,
				Base,
			);
			mainGroup = C35EDE871F88CA5500348389;
			productRefGroup = C35EDE911F88CA5500348389 /* Products */;
			projectDirPath = "";
			projectRoot = "";
			targets = (
				C35EDE8F1F88CA5500348389 /* DocTalk */,
			);
		};
/* End PBXProject section */

/* Begin PBXResourcesBuildPhase section */
		C35EDE8E1F88CA5500348389 /* Resources */ = {
			isa = PBXResourcesBuildPhase;
			buildActionMask = 2147483647;
			files = (
				C35EDE9E1F88CA5500348389 /* LaunchScreen.storyboard in Resources */,
				C35EDE9B1F88CA5500348389 /* Assets.xcassets in Resources */,
				C35EDE991F88CA5500348389 /* Main.storyboard in Resources */,
			);
			runOnlyForDeploymentPostprocessing = 0;
		};
/* End PBXResourcesBuildPhase section */

/* Begin PBXSourcesBuildPhase section */
		C35EDE8C1F88CA5500348389 /* Sources */ = {
			isa = PBXSourcesBuildPhase;
			buildActionMask = 2147483647;
			files = (
				C31197E61F88D30F00F320D4 /* User.swift in Sources */,
				C35EDE961F88CA5500348389 /* ViewController.swift in Sources */,
				C31197E41F88CE1A00F320D4 /* NetworkService.swift in Sources */,
				C35EDE941F88CA5500348389 /* AppDelegate.swift in Sources */,
			);
			runOnlyForDeploymentPostprocessing = 0;
		};
/* End PBXSourcesBuildPhase section */

/* Begin PBXVariantGroup section */
		C35EDE971F88CA5500348389 /* Main.storyboard */ = {
			isa = PBXVariantGroup;
			children = (
				C35EDE981F88CA5500348389 /* Base */,
			);
			name = Main.storyboard;
			sourceTree = "<group>";
		};
		C35EDE9C1F88CA5500348389 /* LaunchScreen.storyboard */ = {
			isa = PBXVariantGroup;
			children = (
				C35EDE9D1F88CA5500348389 /* Base */,
			);
			name = LaunchScreen.storyboard;
			sourceTree = "<group>";
		};
/* End PBXVariantGroup section */

/* Begin XCBuildConfiguration section */
		C35EDEA01F88CA5500348389 /* Debug */ = {
			isa = XCBuildConfiguration;
			buildSettings = {
				ALWAYS_SEARCH_USER_PATHS = NO;
				CLANG_ANALYZER_NONNULL = YES;
				CLANG_ANALYZER_NUMBER_OBJECT_CONVERSION = YES_AGGRESSIVE;
				CLANG_CXX_LANGUAGE_STANDARD = "gnu++14";
				CLANG_CXX_LIBRARY = "libc++";
				CLANG_ENABLE_MODULES = YES;
				CLANG_ENABLE_OBJC_ARC = YES;
				CLANG_WARN_BLOCK_CAPTURE_AUTORELEASING = YES;
				CLANG_WARN_BOOL_CONVERSION = YES;
				CLANG_WARN_COMMA = YES;
				CLANG_WARN_CONSTANT_CONVERSION = YES;
				CLANG_WARN_DIRECT_OBJC_ISA_USAGE = YES_ERROR;
				CLANG_WARN_DOCUMENTATION_COMMENTS = YES;
				CLANG_WARN_EMPTY_BODY = YES;
				CLANG_WARN_ENUM_CONVERSION = YES;
				CLANG_WARN_INFINITE_RECURSION = YES;
				CLANG_WARN_INT_CONVERSION = YES;
				CLANG_WARN_NON_LITERAL_NULL_CONVERSION = YES;
				CLANG_WARN_OBJC_LITERAL_CONVERSION = YES;
				CLANG_WARN_OBJC_ROOT_CLASS = YES_ERROR;
				CLANG_WARN_RANGE_LOOP_ANALYSIS = YES;
				CLANG_WARN_STRICT_PROTOTYPES = YES;
				CLANG_WARN_SUSPICIOUS_MOVE = YES;
				CLANG_WARN_UNGUARDED_AVAILABILITY = YES_AGGRESSIVE;
				CLANG_WARN_UNREACHABLE_CODE = YES;
				CLANG_WARN__DUPLICATE_METHOD_MATCH = YES;
				CODE_SIGN_IDENTITY = "iPhone Developer";
				COPY_PHASE_STRIP = NO;
				DEBUG_INFORMATION_FORMAT = dwarf;
				ENABLE_STRICT_OBJC_MSGSEND = YES;
				ENABLE_TESTABILITY = YES;
				GCC_C_LANGUAGE_STANDARD = gnu11;
				GCC_DYNAMIC_NO_PIC = NO;
				GCC_NO_COMMON_BLOCKS = YES;
				GCC_OPTIMIZATION_LEVEL = 0;
				GCC_PREPROCESSOR_DEFINITIONS = (
					"DEBUG=1",
					"$(inherited)",
				);
				GCC_WARN_64_TO_32_BIT_CONVERSION = YES;
				GCC_WARN_ABOUT_RETURN_TYPE = YES_ERROR;
				GCC_WARN_UNDECLARED_SELECTOR = YES;
				GCC_WARN_UNINITIALIZED_AUTOS = YES_AGGRESSIVE;
				GCC_WARN_UNUSED_FUNCTION = YES;
				GCC_WARN_UNUSED_VARIABLE = YES;
				IPHONEOS_DEPLOYMENT_TARGET = 11.0;
				MTL_ENABLE_DEBUG_INFO = YES;
				ONLY_ACTIVE_ARCH = YES;
				SDKROOT = iphoneos;
				SWIFT_ACTIVE_COMPILATION_CONDITIONS = DEBUG;
				SWIFT_OPTIMIZATION_LEVEL = "-Onone";
			};
			name = Debug;
		};
		C35EDEA11F88CA5500348389 /* Release */ = {
			isa = XCBuildConfiguration;
			buildSettings = {
				ALWAYS_SEARCH_USER_PATHS = NO;
				CLANG_ANALYZER_NONNULL = YES;
				CLANG_ANALYZER_NUMBER_OBJECT_CONVERSION = YES_AGGRESSIVE;
				CLANG_CXX_LANGUAGE_STANDARD = "gnu++14";
				CLANG_CXX_LIBRARY = "libc++";
				CLANG_ENABLE_MODULES = YES;
				CLANG_ENABLE_OBJC_ARC = YES;
				CLANG_WARN_BLOCK_CAPTURE_AUTORELEASING = YES;
				CLANG_WARN_BOOL_CONVERSION = YES;
				CLANG_WARN_COMMA = YES;
				CLANG_WARN_CONSTANT_CONVERSION = YES;
				CLANG_WARN_DIRECT_OBJC_ISA_USAGE = YES_ERROR;
				CLANG_WARN_DOCUMENTATION_COMMENTS = YES;
				CLANG_WARN_EMPTY_BODY = YES;
				CLANG_WARN_ENUM_CONVERSION = YES;
				CLANG_WARN_INFINITE_RECURSION = YES;
				CLANG_WARN_INT_CONVERSION = YES;
				CLANG_WARN_NON_LITERAL_NULL_CONVERSION = YES;
				CLANG_WARN_OBJC_LITERAL_CONVERSION = YES;
				CLANG_WARN_OBJC_ROOT_CLASS = YES_ERROR;
				CLANG_WARN_RANGE_LOOP_ANALYSIS = YES;
				CLANG_WARN_STRICT_PROTOTYPES = YES;
				CLANG_WARN_SUSPICIOUS_MOVE = YES;
				CLANG_WARN_UNGUARDED_AVAILABILITY = YES_AGGRESSIVE;
				CLANG_WARN_UNREACHABLE_CODE = YES;
				CLANG_WARN__DUPLICATE_METHOD_MATCH = YES;
				CODE_SIGN_IDENTITY = "iPhone Developer";
				COPY_PHASE_STRIP = NO;
				DEBUG_INFORMATION_FORMAT = "dwarf-with-dsym";
				ENABLE_NS_ASSERTIONS = NO;
				ENABLE_STRICT_OBJC_MSGSEND = YES;
				GCC_C_LANGUAGE_STANDARD = gnu11;
				GCC_NO_COMMON_BLOCKS = YES;
				GCC_WARN_64_TO_32_BIT_CONVERSION = YES;
				GCC_WARN_ABOUT_RETURN_TYPE = YES_ERROR;
				GCC_WARN_UNDECLARED_SELECTOR = YES;
				GCC_WARN_UNINITIALIZED_AUTOS = YES_AGGRESSIVE;
				GCC_WARN_UNUSED_FUNCTION = YES;
				GCC_WARN_UNUSED_VARIABLE = YES;
				IPHONEOS_DEPLOYMENT_TARGET = 11.0;
				MTL_ENABLE_DEBUG_INFO = NO;
				SDKROOT = iphoneos;
				SWIFT_OPTIMIZATION_LEVEL = "-Owholemodule";
				VALIDATE_PRODUCT = YES;
			};
			name = Release;
		};
		C35EDEA31F88CA5500348389 /* Debug */ = {
			isa = XCBuildConfiguration;
			buildSettings = {
				ASSETCATALOG_COMPILER_APPICON_NAME = AppIcon;
				CODE_SIGN_STYLE = Automatic;
				DEVELOPMENT_TEAM = DXK2N8YN8R;
				INFOPLIST_FILE = DocTalk/Info.plist;
				LD_RUNPATH_SEARCH_PATHS = "$(inherited) @executable_path/Frameworks";
				PRODUCT_BUNDLE_IDENTIFIER = com.test.DocTalk;
				PRODUCT_NAME = "$(TARGET_NAME)";
				SWIFT_VERSION = 4.0;
				TARGETED_DEVICE_FAMILY = "1,2";
			};
			name = Debug;
		};
		C35EDEA41F88CA5500348389 /* Release */ = {
			isa = XCBuildConfiguration;
			buildSettings = {
				ASSETCATALOG_COMPILER_APPICON_NAME = AppIcon;
				CODE_SIGN_STYLE = Automatic;
				DEVELOPMENT_TEAM = DXK2N8YN8R;
				INFOPLIST_FILE = DocTalk/Info.plist;
				LD_RUNPATH_SEARCH_PATHS = "$(inherited) @executable_path/Frameworks";
				PRODUCT_BUNDLE_IDENTIFIER = com.test.DocTalk;
				PRODUCT_NAME = "$(TARGET_NAME)";
				SWIFT_VERSION = 4.0;
				TARGETED_DEVICE_FAMILY = "1,2";
			};
			name = Release;
		};
/* End XCBuildConfiguration section */

/* Begin XCConfigurationList section */
		C35EDE8B1F88CA5500348389 /* Build configuration list for PBXProject "DocTalk" */ = {
			isa = XCConfigurationList;
			buildConfigurations = (
				C35EDEA01F88CA5500348389 /* Debug */,
				C35EDEA11F88CA5500348389 /* Release */,
			);
			defaultConfigurationIsVisible = 0;
			defaultConfigurationName = Release;
		};
		C35EDEA21F88CA5500348389 /* Build configuration list for PBXNativeTarget "DocTalk" */ = {
			isa = XCConfigurationList;
			buildConfigurations = (
				C35EDEA31F88CA5500348389 /* Debug */,
				C35EDEA41F88CA5500348389 /* Release */,
			);
			defaultConfigurationIsVisible = 0;
			defaultConfigurationName = Release;
		};
/* End XCConfigurationList section */
	};
	rootObject = C35EDE881F88CA5500348389 /* Project object */;
}
